
Microsoft Visual Studio Solution File, Format Version 12.00
# Visual Studio Version 17
VisualStudioVersion = 17.10.34916.146
MinimumVisualStudioVersion = 10.0.40219.1
Project("{FAE04EC0-301F-11D3-BF4B-00C04F79EFBC}") = "AHoraDoPich", "AHoraDoPich\AHoraDoPich.csproj", "{7B72470C-04C3-4A69-8A02-D3F4F91342FA}"
EndProject
Global
	GlobalSection(SolutionConfigurationPlatforms) = preSolution
		Debug|Any CPU = Debug|Any CPU
		Release|Any CPU = Release|Any CPU
	EndGlobalSection
	GlobalSection(ProjectConfigurationPlatforms) = postSolution
		{7B72470C-04C3-4A69-8A02-D3F4F91342FA}.Debug|Any CPU.ActiveCfg = Debug|Any CPU
		{7B72470C-04C3-4A69-8A02-D3F4F91342FA}.Debug|Any CPU.Build.0 = Debug|Any CPU
		{7B72470C-04C3-4A69-8A02-D3F4F91342FA}.Release|Any CPU.ActiveCfg = Release|Any CPU
		{7B72470C-04C3-4A69-8A02-D3F4F91342FA}.Release|Any CPU.Build.0 = Release|Any CPU
	EndGlobalSection
	GlobalSection(SolutionProperties) = preSolution
		HideSolutionNode = FALSE
	EndGlobalSection
	GlobalSection(ExtensibilityGlobals) = postSolution
		SolutionGuid = {7E53704E-7342-4F27-9B5B-76B0DD8D2227}
	EndGlobalSection
EndGlobal
